Microsoft Visual Studio Solution File, Format Version 11.00
# Visual Studio 2008

Project("{19ABAFE7-A4E6-9A95-EB30-B51893724BF7}") = "Project-Castor", "Assembly-CSharp.csproj", "{6264E784-2567-F16A-A953-B4E631A5E001}"
EndProject
Global
	GlobalSection(SolutionConfigurationPlatforms) = preSolution
		Debug|Any CPU = Debug|Any CPU
		Release|Any CPU = Release|Any CPU
	EndGlobalSection
	GlobalSection(ProjectConfigurationPlatforms) = postSolution
		{6264E784-2567-F16A-A953-B4E631A5E001}.Debug|Any CPU.ActiveCfg = Debug|Any CPU
		{6264E784-2567-F16A-A953-B4E631A5E001}.Debug|Any CPU.Build.0 = Debug|Any CPU
		{6264E784-2567-F16A-A953-B4E631A5E001}.Release|Any CPU.ActiveCfg = Release|Any CPU
		{6264E784-2567-F16A-A953-B4E631A5E001}.Release|Any CPU.Build.0 = Release|Any CPU
	EndGlobalSection
	GlobalSection(SolutionProperties) = preSolution
		HideSolutionNode = FALSE
	EndGlobalSection
	GlobalSection(MonoDevelopProperties) = preSolution
		StartupItem = Assembly-CSharp.csproj
	EndGlobalSection
EndGlobal
