Microsoft Visual Studio Solution File, Format Version 11.00
# Visual Studio 2008

Project("{D11476FE-63C6-3390-16F2-55ACBF660535}") = "Project Castor", "Assembly-CSharp.csproj", "{301D095B-B274-376F-1221-27B37C7C2B75}"
EndProject
Global
	GlobalSection(SolutionConfigurationPlatforms) = preSolution
		Debug|Any CPU = Debug|Any CPU
		Release|Any CPU = Release|Any CPU
	EndGlobalSection
	GlobalSection(ProjectConfigurationPlatforms) = postSolution
		{301D095B-B274-376F-1221-27B37C7C2B75}.Debug|Any CPU.ActiveCfg = Debug|Any CPU
		{301D095B-B274-376F-1221-27B37C7C2B75}.Debug|Any CPU.Build.0 = Debug|Any CPU
		{301D095B-B274-376F-1221-27B37C7C2B75}.Release|Any CPU.ActiveCfg = Release|Any CPU
		{301D095B-B274-376F-1221-27B37C7C2B75}.Release|Any CPU.Build.0 = Release|Any CPU
	EndGlobalSection
	GlobalSection(SolutionProperties) = preSolution
		HideSolutionNode = FALSE
	EndGlobalSection
	GlobalSection(MonoDevelopProperties) = preSolution
		StartupItem = Assembly-CSharp.csproj
	EndGlobalSection
EndGlobal
